<?xml version="1.0" encoding="utf-8"?>
<Project ToolsVersion="4.0" xmlns="http://schemas.microsoft.com/developer/msbuild/2003">
  <ItemGroup>
    <Filter Include="Source Files">
      <UniqueIdentifier>{4FC737F1-C7A5-4376-A066-2A32D752A2FF}</UniqueIdentifier>
      <Extensions>cpp;c;cc;cxx;def;odl;idl;hpj;bat;asm;asmx</Extensions>
    </Filter>
    <Filter Include="Header Files">
      <UniqueIdentifier>{93995380-89BD-4b04-88EB-625FBE52EBFB}</UniqueIdentifier>
      <Extensions>h;hh;hpp;hxx;hm;inl;inc;xsd</Extensions>
    </Filter>
    <Filter Include="Resource Files">
      <UniqueIdentifier>{67DA6AB6-F800-4c08-8B7A-83BB121AAD01}</UniqueIdentifier>
      <Extensions>rc;ico;cur;bmp;dlg;rc2;rct;bin;rgs;gif;jpg;jpeg;jpe;resx;tiff;tif;png;wav;mfcribbon-ms</Extensions>
    </Filter>
  </ItemGroup>
  <ItemGroup>
    <ClCompile Include="main.cpp">
      <Filter>Source Files</Filter>
    </ClCompile>
    <ClCompile Include="Polaris.cpp">
      <Filter>Source Files</Filter>
    </ClCompile>
    <ClCompile Include="RealTimeInput.cpp">
      <Filter>Source Files</Filter>
    </ClCompile>
    <ClCompile Include="Renderer.cpp">
      <Filter>Source Files</Filter>
    </ClCompile>
    <ClCompile Include="listeners\EventListener.cpp">
      <Filter>Source Files</Filter>
    </ClCompile>
    <ClCompile Include="listeners\IncreaseVisibilityListener.cpp">
      <Filter>Source Files</Filter>
    </ClCompile>
    <ClCompile Include="listeners\ViewMoveListener.cpp">
      <Filter>Source Files</Filter>
    </ClCompile>
    <ClCompile Include="listeners\ViewZoomListener.cpp">
      <Filter>Source Files</Filter>
    </ClCompile>
    <ClCompile Include="listeners\WindowCloseListener.cpp">
      <Filter>Source Files</Filter>
    </ClCompile>
    <ClCompile Include="listeners\WindowResizedListener.cpp">
      <Filter>Source Files</Filter>
    </ClCompile>
    <ClCompile Include="listeners\UnbindMouseListener.cpp">
      <Filter>Source Files</Filter>
    </ClCompile>
    <ClCompile Include="listeners\WindowReenterListener.cpp">
      <Filter>Source Files</Filter>
    </ClCompile>
    <ClCompile Include="listeners\KeyPressListener.cpp">
      <Filter>Source Files</Filter>
    </ClCompile>
    <ClCompile Include="listeners\ToggleMenuListener.cpp">
      <Filter>Source Files</Filter>
    </ClCompile>
    <ClCompile Include="menu\Menu.cpp">
      <Filter>Source Files</Filter>
    </ClCompile>
    <ClCompile Include="listeners\ToggleGridlinesListener.cpp">
      <Filter>Source Files</Filter>
    </ClCompile>
    <ClCompile Include="utils\MathUtils.cpp">
      <Filter>Source Files</Filter>
    </ClCompile>
    <ClCompile Include="listeners\GainedFocusListener.cpp">
      <Filter>Source Files</Filter>
    </ClCompile>
    <ClCompile Include="listeners\LostFocusListener.cpp">
      <Filter>Source Files</Filter>
    </ClCompile>
    <ClCompile Include="menu\items\Button.cpp">
      <Filter>Source Files</Filter>
    </ClCompile>
    <ClCompile Include="menu\items\HorizontalLine.cpp">
      <Filter>Source Files</Filter>
    </ClCompile>
    <ClCompile Include="menu\items\MenuItem.cpp">
      <Filter>Source Files</Filter>
    </ClCompile>
    <ClCompile Include="menu\items\MenuText.cpp">
      <Filter>Source Files</Filter>
    </ClCompile>
    <ClCompile Include="menu\items\MenuTextBox.cpp">
      <Filter>Source Files</Filter>
    </ClCompile>
    <ClCompile Include="menu\GUI.cpp">
      <Filter>Source Files</Filter>
    </ClCompile>
    <ClCompile Include="utils\StringUtils.cpp">
      <Filter>Source Files</Filter>
    </ClCompile>
    <ClCompile Include="celestial-sphere\CelestialSphere.cpp">
      <Filter>Source Files</Filter>
    </ClCompile>
    <ClCompile Include="utils\Time.cpp">
      <Filter>Source Files</Filter>
    </ClCompile>
  </ItemGroup>
  <ItemGroup>
    <ClInclude Include="Polaris.h">
      <Filter>Header Files</Filter>
    </ClInclude>
    <ClInclude Include="RealTimeInput.h">
      <Filter>Header Files</Filter>
    </ClInclude>
    <ClInclude Include="Renderer.h">
      <Filter>Header Files</Filter>
    </ClInclude>
    <ClInclude Include="RenderSettings.h">
      <Filter>Header Files</Filter>
    </ClInclude>
    <ClInclude Include="listeners\EventListener.h">
      <Filter>Header Files</Filter>
    </ClInclude>
    <ClInclude Include="listeners\IncreaseVisibilityListener.h">
      <Filter>Header Files</Filter>
    </ClInclude>
    <ClInclude Include="listeners\ViewMoveListener.h">
      <Filter>Header Files</Filter>
    </ClInclude>
    <ClInclude Include="listeners\ViewZoomListener.h">
      <Filter>Header Files</Filter>
    </ClInclude>
    <ClInclude Include="listeners\WindowCloseListener.h">
      <Filter>Header Files</Filter>
    </ClInclude>
    <ClInclude Include="csv\csv.h">
      <Filter>Header Files</Filter>
    </ClInclude>
    <ClInclude Include="listeners\WindowResizedListener.h">
      <Filter>Header Files</Filter>
    </ClInclude>
    <ClInclude Include="listeners\UnbindMouseListener.h">
      <Filter>Header Files</Filter>
    </ClInclude>
    <ClInclude Include="listeners\WindowReenterListener.h">
      <Filter>Header Files</Filter>
    </ClInclude>
    <ClInclude Include="listeners\KeyPressListener.h">
      <Filter>Header Files</Filter>
    </ClInclude>
    <ClInclude Include="listeners\ToggleMenuListener.h">
      <Filter>Header Files</Filter>
    </ClInclude>
    <ClInclude Include="menu\Menu.h">
      <Filter>Header Files</Filter>
    </ClInclude>
    <ClInclude Include="utils\MathUtils.h">
      <Filter>Header Files</Filter>
    </ClInclude>
    <ClInclude Include="utils\StringUtils.h">
      <Filter>Header Files</Filter>
    </ClInclude>
    <ClInclude Include="listeners\ToggleGridlinesListener.h">
      <Filter>Header Files</Filter>
    </ClInclude>
    <ClInclude Include="Settings.h">
      <Filter>Header Files</Filter>
    </ClInclude>
    <ClInclude Include="listeners\LostFocusListener.h">
      <Filter>Header Files</Filter>
    </ClInclude>
    <ClInclude Include="listeners\GainedFocusListener.h">
      <Filter>Header Files</Filter>
    </ClInclude>
    <ClInclude Include="menu\items\Button.h">
      <Filter>Header Files</Filter>
    </ClInclude>
    <ClInclude Include="menu\items\HorizontalLine.h">
      <Filter>Header Files</Filter>
    </ClInclude>
    <ClInclude Include="menu\items\MenuItem.h">
      <Filter>Header Files</Filter>
    </ClInclude>
    <ClInclude Include="menu\items\MenuText.h">
      <Filter>Header Files</Filter>
    </ClInclude>
    <ClInclude Include="menu\items\MenuTextBox.h">
      <Filter>Header Files</Filter>
    </ClInclude>
    <ClInclude Include="menu\GUI.h">
      <Filter>Header Files</Filter>
    </ClInclude>
    <ClInclude Include="celestial-sphere\CelestialObject.h">
      <Filter>Header Files</Filter>
    </ClInclude>
    <ClInclude Include="celestial-sphere\CelestialSphere.h">
      <Filter>Header Files</Filter>
    </ClInclude>
    <ClInclude Include="celestial-sphere\Planet.h">
      <Filter>Header Files</Filter>
    </ClInclude>
    <ClInclude Include="utils\OrbitalElements.h">
      <Filter>Header Files</Filter>
    </ClInclude>
    <ClInclude Include="celestial-sphere\Moon.h">
      <Filter>Header Files</Filter>
    </ClInclude>
    <ClInclude Include="utils\Time.h">
      <Filter>Header Files</Filter>
    </ClInclude>
  </ItemGroup>
</Project>